
Microsoft Visual Studio Solution File, Format Version 12.00
# Visual Studio Version 17
VisualStudioVersion = 17.3.32929.385
MinimumVisualStudioVersion = 10.0.40219.1
Project("{FAE04EC0-301F-11D3-BF4B-00C04F79EFBC}") = "Gestion stock", "Gestion stock\Gestion stock.csproj", "{47300BF5-B09D-4300-A968-EDD3FF62DFB0}"
EndProject
Global
	GlobalSection(SolutionConfigurationPlatforms) = preSolution
		Debug|Any CPU = Debug|Any CPU
		Release|Any CPU = Release|Any CPU
	EndGlobalSection
	GlobalSection(ProjectConfigurationPlatforms) = postSolution
		{47300BF5-B09D-4300-A968-EDD3FF62DFB0}.Debug|Any CPU.ActiveCfg = Debug|Any CPU
		{47300BF5-B09D-4300-A968-EDD3FF62DFB0}.Debug|Any CPU.Build.0 = Debug|Any CPU
		{47300BF5-B09D-4300-A968-EDD3FF62DFB0}.Release|Any CPU.ActiveCfg = Release|Any CPU
		{47300BF5-B09D-4300-A968-EDD3FF62DFB0}.Release|Any CPU.Build.0 = Release|Any CPU
	EndGlobalSection
	GlobalSection(SolutionProperties) = preSolution
		HideSolutionNode = FALSE
	EndGlobalSection
	GlobalSection(ExtensibilityGlobals) = postSolution
		SolutionGuid = {580685D7-6BB9-4A07-A9B4-133157DF6D80}
	EndGlobalSection
EndGlobal
